<?xml version="1.0" encoding="UTF-8" standalone="yes" ?>
<CodeBlocks_project_file>
	<FileVersion major="1" minor="6" />
	<Project>
		<Option title="libhammer" />
		<Option pch_mode="2" />
		<Option compiler="gcc" />
		<Build>
			<Target title="google_rowhammer">
				<Option output="google_rowhammer" prefix_auto="1" extension_auto="1" />
				<Option object_output="Debug/" />
				<Option type="1" />
				<Option compiler="gcc" />
				<Compiler>
					<Add option="-O3" />
					<Add option="-std=c++14" />
					<Add option="-g" />
					<Add option="-fpermissive" />
				</Compiler>
				<Linker>
					<Add option="-lsigsegv" />
				</Linker>
			</Target>
			<Target title="lff">
				<Option output="lff" prefix_auto="1" extension_auto="1" />
				<Option object_output="Debug/" />
				<Option type="1" />
				<Option compiler="gcc" />
				<Compiler>
					<Add option="-O3" />
					<Add option="-std=c++14" />
					<Add option="-fpermissive" />
				</Compiler>
				<Linker>
					<Add option="-lsigsegv" />
				</Linker>
				<ExtraCommands>
					<Add after="g++ -O3 --std=c++14 -fpermissive -S libhammer/lff.cpp" />
					<Mode after="always" />
				</ExtraCommands>
			</Target>
			<Target title="waylaying_new">
				<Option output="waylaying_new" prefix_auto="1" extension_auto="1" />
				<Option object_output="Debug/" />
				<Option type="1" />
				<Option compiler="gcc" />
				<Compiler>
					<Add option="-O3" />
					<Add option="-std=c++14" />
					<Add option="-fpermissive" />
				</Compiler>
				<Linker>
					<Add option="-lsigsegv" />
				</Linker>
				<ExtraCommands>
					<Add after="g++ -O3 --std=c++14 -fpermissive -S libhammer/lff.cpp" />
					<Mode after="always" />
				</ExtraCommands>
			</Target>
			<Target title="target">
				<Option output="target" prefix_auto="1" extension_auto="1" />
				<Option object_output="Debug/" />
				<Option type="1" />
				<Option compiler="gcc" />
				<Compiler>
					<Add option="-O3" />
					<Add option="-g" />
					<Add option="-std=c++14" />
					<Add option="-fpermissive" />
				</Compiler>
				<Linker>
					<Add option="-lsigsegv" />
				</Linker>
				<ExtraCommands>
					<Add after="g++ -O3 -S target.cpp" />
				</ExtraCommands>
			</Target>
			<Target title="templating">
				<Option output="templating" prefix_auto="1" extension_auto="1" />
				<Option object_output="Debug/" />
				<Option type="1" />
				<Option compiler="gcc" />
				<Compiler>
					<Add option="-O3" />
					<Add option="-g" />
					<Add option="-std=c++14" />
					<Add option="-fpermissive" />
				</Compiler>
				<Linker>
					<Add option="-lsigsegv" />
				</Linker>
				<ExtraCommands>
					<Add after="g++ -O3 -S target.cpp" />
				</ExtraCommands>
			</Target>
			<Target title="mem_waylaying">
				<Option output="memway" prefix_auto="1" extension_auto="1" />
				<Option object_output="Debug/" />
				<Option type="1" />
				<Option compiler="gcc" />
				<Compiler>
					<Add option="-O3" />
					<Add option="-g" />
					<Add option="-std=c++14" />
					<Add option="-fpermissive" />
				</Compiler>
				<Linker>
					<Add option="-lsigsegv" />
				</Linker>
				<ExtraCommands>
					<Add after="g++ -O3 -S target.cpp" />
				</ExtraCommands>
			</Target>
			<Target title="check_pa">
				<Option output="script/check_pa" prefix_auto="1" extension_auto="1" />
				<Option object_output="Debug/" />
				<Option type="1" />
				<Option compiler="gcc" />
				<Compiler>
					<Add option="-O3" />
					<Add option="-g" />
					<Add option="-std=c++14" />
					<Add option="-fpermissive" />
				</Compiler>
				<Linker>
					<Add option="-lsigsegv" />
				</Linker>
				<ExtraCommands>
					<Add after="g++ -O3 -S target.cpp" />
				</ExtraCommands>
			</Target>
		</Build>
		<Unit filename="google_rowhammer.cpp">
			<Option target="google_rowhammer" />
		</Unit>
		<Unit filename="lff.cpp">
			<Option target="lff" />
		</Unit>
		<Unit filename="lff.s">
			<Option target="&lt;{~None~}&gt;" />
		</Unit>
		<Unit filename="libhammer/addrmap.cpp" />
		<Unit filename="libhammer/addrmap.h" />
		<Unit filename="libhammer/asm.h" />
		<Unit filename="libhammer/lff.cpp" />
		<Unit filename="libhammer/lff.h" />
		<Unit filename="libhammer/libhammer.h" />
		<Unit filename="libhammer/memory.c">
			<Option compilerVar="CC" />
		</Unit>
		<Unit filename="libhammer/memory.h" />
		<Unit filename="libhammer/page.cpp" />
		<Unit filename="libhammer/page.h" />
		<Unit filename="libhammer/templating.cpp">
			<Option target="google_rowhammer" />
			<Option target="lff" />
			<Option target="waylaying_new" />
			<Option target="templating" />
			<Option target="mem_waylaying" />
			<Option target="check_pa" />
		</Unit>
		<Unit filename="libhammer/templating.h" />
		<Unit filename="libhammer/timing.c">
			<Option compilerVar="CC" />
		</Unit>
		<Unit filename="libhammer/timing.h" />
		<Unit filename="libhammer/utils.cpp" />
		<Unit filename="libhammer/utils.h" />
		<Unit filename="mem_waylaying.cpp">
			<Option target="mem_waylaying" />
		</Unit>
		<Unit filename="old/spear.cpp">
			<Option target="&lt;{~None~}&gt;" />
		</Unit>
		<Unit filename="old/waylaying.cpp">
			<Option target="&lt;{~None~}&gt;" />
		</Unit>
		<Unit filename="script/check_pa.cpp">
			<Option target="check_pa" />
		</Unit>
		<Unit filename="script/create_memfile.sh">
			<Option target="templating" />
		</Unit>
		<Unit filename="target.cpp">
			<Option target="target" />
		</Unit>
		<Unit filename="target.s">
			<Option target="&lt;{~None~}&gt;" />
		</Unit>
		<Unit filename="templating.cpp">
			<Option target="templating" />
		</Unit>
		<Unit filename="waylaying_new.cpp">
			<Option target="waylaying_new" />
		</Unit>
		<Extensions>
			<envvars />
			<code_completion />
			<debugger />
			<lib_finder disable_auto="1" />
		</Extensions>
	</Project>
</CodeBlocks_project_file>
